
Microsoft Visual Studio Solution File, Format Version 12.00
# Visual Studio Version 16
VisualStudioVersion = 16.0.30503.244
MinimumVisualStudioVersion = 10.0.40219.1
Project("{FAE04EC0-301F-11D3-BF4B-00C04F79EFBC}") = "Assignment42", "Assignment42.csproj", "{128E059F-57F5-4BB8-9BC8-829FC3E7648B}"
EndProject
Global
	GlobalSection(SolutionConfigurationPlatforms) = preSolution
		Debug|Any CPU = Debug|Any CPU
		Release|Any CPU = Release|Any CPU
	EndGlobalSection
	GlobalSection(ProjectConfigurationPlatforms) = postSolution
		{128E059F-57F5-4BB8-9BC8-829FC3E7648B}.Debug|Any CPU.ActiveCfg = Debug|Any CPU
		{128E059F-57F5-4BB8-9BC8-829FC3E7648B}.Debug|Any CPU.Build.0 = Debug|Any CPU
		{128E059F-57F5-4BB8-9BC8-829FC3E7648B}.Release|Any CPU.ActiveCfg = Release|Any CPU
		{128E059F-57F5-4BB8-9BC8-829FC3E7648B}.Release|Any CPU.Build.0 = Release|Any CPU
	EndGlobalSection
	GlobalSection(SolutionProperties) = preSolution
		HideSolutionNode = FALSE
	EndGlobalSection
	GlobalSection(ExtensibilityGlobals) = postSolution
		SolutionGuid = {C6A9E2C0-A4F4-4124-8F00-B62E69B152C3}
	EndGlobalSection
EndGlobal
